{
  "name": "homebridge-flume",
  "version": "1.2.7",
  "lockfileVersion": 2,
  "requires": true,
  "packages": {
    "": {
      "name": "homebridge-flume",
      "version": "1.2.7",
      "funding": [
        {
          "type": "github",
          "url": "https://github.com/sponsors/bwp91"
        },
        {
          "type": "kofi",
          "url": "https://ko-fi.com/bwp91"
        },
        {
          "type": "patreon",
          "url": "https://www.patreon.com/bwp91"
        },
        {
          "type": "paypal",
          "url": "https://www.paypal.me/BenPotter"
        }
      ],
      "dependencies": {
        "@homebridge/plugin-ui-utils": "^0.0.19",
        "axios": "^0.26.1",
        "jwt-decode": "^3.1.2"
      },
      "engines": {
        "homebridge": "^1.4.0",
        "node": "^14.19.0 || ^16.14.0"
      }
    },
    "node_modules/@homebridge/plugin-ui-utils": {
      "version": "0.0.19",
      "resolved": "https://registry.npmjs.org/@homebridge/plugin-ui-utils/-/plugin-ui-utils-0.0.19.tgz",
      "integrity": "sha512-axFX7lN2Yd7bz/6SlD7dzq5sY/N9+XYuLHPukuiyHQRDtNMRL1uDqJhOx6RVaN2tYDHB75h7YxRQWP7U44Mgzg=="
    },
    "node_modules/axios": {
      "version": "0.26.1",
      "resolved": "https://registry.npmjs.org/axios/-/axios-0.26.1.tgz",
      "integrity": "sha512-fPwcX4EvnSHuInCMItEhAGnaSEXRBjtzh9fOtsE6E1G6p7vl7edEeZe11QHf18+6+9gR5PbKV/sGKNaD8YaMeA==",
      "dependencies": {
        "follow-redirects": "^1.14.8"
      }
    },
    "node_modules/follow-redirects": {
      "version": "1.14.9",
      "resolved": "https://registry.npmjs.org/follow-redirects/-/follow-redirects-1.14.9.tgz",
      "integrity": "sha512-MQDfihBQYMcyy5dhRDJUHcw7lb2Pv/TuE6xP1vyraLukNDHKbDxDNaOE3NbCAdKQApno+GPRyo1YAp89yCjK4w==",
      "funding": [
        {
          "type": "individual",
          "url": "https://github.com/sponsors/RubenVerborgh"
        }
      ],
      "engines": {
        "node": ">=4.0"
      },
      "peerDependenciesMeta": {
        "debug": {
          "optional": true
        }
      }
    },
    "node_modules/jwt-decode": {
      "version": "3.1.2",
      "resolved": "https://registry.npmjs.org/jwt-decode/-/jwt-decode-3.1.2.tgz",
      "integrity": "sha512-UfpWE/VZn0iP50d8cz9NrZLM9lSWhcJ+0Gt/nm4by88UL+J1SiKN8/5dkjMmbEzwL2CAe+67GsegCbIKtbp75A=="
    }
  },
  "dependencies": {
    "@homebridge/plugin-ui-utils": {
      "version": "0.0.19",
      "resolved": "https://registry.npmjs.org/@homebridge/plugin-ui-utils/-/plugin-ui-utils-0.0.19.tgz",
      "integrity": "sha512-axFX7lN2Yd7bz/6SlD7dzq5sY/N9+XYuLHPukuiyHQRDtNMRL1uDqJhOx6RVaN2tYDHB75h7YxRQWP7U44Mgzg=="
    },
    "axios": {
      "version": "0.26.1",
      "resolved": "https://registry.npmjs.org/axios/-/axios-0.26.1.tgz",
      "integrity": "sha512-fPwcX4EvnSHuInCMItEhAGnaSEXRBjtzh9fOtsE6E1G6p7vl7edEeZe11QHf18+6+9gR5PbKV/sGKNaD8YaMeA==",
      "requires": {
        "follow-redirects": "^1.14.8"
      }
    },
    "follow-redirects": {
      "version": "1.14.9",
      "resolved": "https://registry.npmjs.org/follow-redirects/-/follow-redirects-1.14.9.tgz",
      "integrity": "sha512-MQDfihBQYMcyy5dhRDJUHcw7lb2Pv/TuE6xP1vyraLukNDHKbDxDNaOE3NbCAdKQApno+GPRyo1YAp89yCjK4w=="
    },
    "jwt-decode": {
      "version": "3.1.2",
      "resolved": "https://registry.npmjs.org/jwt-decode/-/jwt-decode-3.1.2.tgz",
      "integrity": "sha512-UfpWE/VZn0iP50d8cz9NrZLM9lSWhcJ+0Gt/nm4by88UL+J1SiKN8/5dkjMmbEzwL2CAe+67GsegCbIKtbp75A=="
    }
  }
}
